// !$*UTF8*$!
{
	archiveVersion = 1;
	classes = {
	};
	objectVersion = 46;
	objects = {

/* Begin PBXBuildFile section */
		A75971EF1BA7286E0042D3C4 /* LoopingScrollViewWithScaling.swift in Sources */ = {isa = PBXBuildFile; fileRef = A75971EE1BA7286E0042D3C4 /* LoopingScrollViewWithScaling.swift */; };
		A75971F11BA762A80042D3C4 /* Examples.swift in Sources */ = {isa = PBXBuildFile; fileRef = A75971F01BA762A80042D3C4 /* Examples.swift */; };
		A75A58F51B8C2D810075BCF8 /* AppDelegate.swift in Sources */ = {isa = PBXBuildFile; fileRef = A75A58F41B8C2D810075BCF8 /* AppDelegate.swift */; };
		A75A58F71B8C2D810075BCF8 /* ViewController.swift in Sources */ = {isa = PBXBuildFile; fileRef = A75A58F61B8C2D810075BCF8 /* ViewController.swift */; };
		A75A59171B8C2ECC0075BCF8 /* APLoopingScrollView.swift in Sources */ = {isa = PBXBuildFile; fileRef = A75A59161B8C2ECC0075BCF8 /* APLoopingScrollView.swift */; };
		A7A346A61BA707D300064306 /* Images.xcassets in Resources */ = {isa = PBXBuildFile; fileRef = A7A346A51BA707D300064306 /* Images.xcassets */; };
		A7A346D81BA7093900064306 /* Storyboard.storyboard in Resources */ = {isa = PBXBuildFile; fileRef = A7A346D71BA7093900064306 /* Storyboard.storyboard */; };
		A7A346DA1BA7094500064306 /* LaunchScreen.xib in Resources */ = {isa = PBXBuildFile; fileRef = A7A346D91BA7094500064306 /* LaunchScreen.xib */; };
		FAA364811D0D39D900920559 /* APLoopingScrollViewTests.swift in Sources */ = {isa = PBXBuildFile; fileRef = FAA364801D0D39D900920559 /* APLoopingScrollViewTests.swift */; };
/* End PBXBuildFile section */

/* Begin PBXContainerItemProxy section */
		FAA364831D0D39D900920559 /* PBXContainerItemProxy */ = {
			isa = PBXContainerItemProxy;
			containerPortal = A75A58E71B8C2D810075BCF8 /* Project object */;
			proxyType = 1;
			remoteGlobalIDString = A75A58EE1B8C2D810075BCF8;
			remoteInfo = APLoopingScrollView;
		};
/* End PBXContainerItemProxy section */

/* Begin PBXFileReference section */
		A75971EE1BA7286E0042D3C4 /* LoopingScrollViewWithScaling.swift */ = {isa = PBXFileReference; fileEncoding = 4; lastKnownFileType = sourcecode.swift; name = LoopingScrollViewWithScaling.swift; path = APLoopingScrollView/Examples/LoopingScrollViewWithScaling.swift; sourceTree = SOURCE_ROOT; };
		A75971F01BA762A80042D3C4 /* Examples.swift */ = {isa = PBXFileReference; fileEncoding = 4; lastKnownFileType = sourcecode.swift; name = Examples.swift; path = APLoopingScrollView/Examples/Examples.swift; sourceTree = SOURCE_ROOT; };
		A75A58EF1B8C2D810075BCF8 /* APLoopingScrollView.app */ = {isa = PBXFileReference; explicitFileType = wrapper.application; includeInIndex = 0; path = APLoopingScrollView.app; sourceTree = BUILT_PRODUCTS_DIR; };
		A75A58F31B8C2D810075BCF8 /* Info.plist */ = {isa = PBXFileReference; lastKnownFileType = text.plist; name = Info.plist; path = APLoopingScrollView/Info.plist; sourceTree = "<group>"; };
		A75A58F41B8C2D810075BCF8 /* AppDelegate.swift */ = {isa = PBXFileReference; lastKnownFileType = sourcecode.swift; name = AppDelegate.swift; path = APLoopingScrollView/Examples/AppDelegate.swift; sourceTree = SOURCE_ROOT; };
		A75A58F61B8C2D810075BCF8 /* ViewController.swift */ = {isa = PBXFileReference; lastKnownFileType = sourcecode.swift; name = ViewController.swift; path = APLoopingScrollView/Examples/ViewController.swift; sourceTree = SOURCE_ROOT; };
		A75A59161B8C2ECC0075BCF8 /* APLoopingScrollView.swift */ = {isa = PBXFileReference; fileEncoding = 4; lastKnownFileType = sourcecode.swift; name = APLoopingScrollView.swift; path = APLoopingScrollView/Source/APLoopingScrollView.swift; sourceTree = SOURCE_ROOT; };
		A7A346A51BA707D300064306 /* Images.xcassets */ = {isa = PBXFileReference; lastKnownFileType = folder.assetcatalog; path = Images.xcassets; sourceTree = SOURCE_ROOT; };
		A7A346D71BA7093900064306 /* Storyboard.storyboard */ = {isa = PBXFileReference; fileEncoding = 4; lastKnownFileType = file.storyboard; path = Storyboard.storyboard; sourceTree = SOURCE_ROOT; };
		A7A346D91BA7094500064306 /* LaunchScreen.xib */ = {isa = PBXFileReference; fileEncoding = 4; lastKnownFileType = file.xib; path = LaunchScreen.xib; sourceTree = SOURCE_ROOT; };
		FAA3647E1D0D39D900920559 /* APLoopingScrollViewTests.xctest */ = {isa = PBXFileReference; explicitFileType = wrapper.cfbundle; includeInIndex = 0; path = APLoopingScrollViewTests.xctest; sourceTree = BUILT_PRODUCTS_DIR; };
		FAA364801D0D39D900920559 /* APLoopingScrollViewTests.swift */ = {isa = PBXFileReference; lastKnownFileType = sourcecode.swift; path = APLoopingScrollViewTests.swift; sourceTree = "<group>"; };
		FAA364821D0D39D900920559 /* Info.plist */ = {isa = PBXFileReference; lastKnownFileType = text.plist.xml; path = Info.plist; sourceTree = "<group>"; };
/* End PBXFileReference section */

/* Begin PBXFrameworksBuildPhase section */
		A75A58EC1B8C2D810075BCF8 /* Frameworks */ = {
			isa = PBXFrameworksBuildPhase;
			buildActionMask = 2147483647;
			files = (
			);
			runOnlyForDeploymentPostprocessing = 0;
		};
		FAA3647B1D0D39D900920559 /* Frameworks */ = {
			isa = PBXFrameworksBuildPhase;
			buildActionMask = 2147483647;
			files = (
			);
			runOnlyForDeploymentPostprocessing = 0;
		};
/* End PBXFrameworksBuildPhase section */

/* Begin PBXGroup section */
		A75971ED1BA728500042D3C4 /* Scale Scroll */ = {
			isa = PBXGroup;
			children = (
				A75971EE1BA7286E0042D3C4 /* LoopingScrollViewWithScaling.swift */,
			);
			name = "Scale Scroll";
			sourceTree = "<group>";
		};
		A75A58E61B8C2D810075BCF8 = {
			isa = PBXGroup;
			children = (
				A75A58F11B8C2D810075BCF8 /* APLoopingScrollView */,
				FAA3647F1D0D39D900920559 /* APLoopingScrollViewTests */,
				A75A58F01B8C2D810075BCF8 /* Products */,
			);
			sourceTree = "<group>";
		};
		A75A58F01B8C2D810075BCF8 /* Products */ = {
			isa = PBXGroup;
			children = (
				A75A58EF1B8C2D810075BCF8 /* APLoopingScrollView.app */,
				FAA3647E1D0D39D900920559 /* APLoopingScrollViewTests.xctest */,
			);
			name = Products;
			sourceTree = "<group>";
		};
		A75A58F11B8C2D810075BCF8 /* APLoopingScrollView */ = {
			isa = PBXGroup;
			children = (
				A75A59151B8C2EBE0075BCF8 /* Example */,
				A75A59141B8C2EB50075BCF8 /* InfiniteScrollView Source */,
				A7DFC2E11BA7029500CB87A9 /* Resources */,
				A75A58F21B8C2D810075BCF8 /* Supporting Files */,
			);
			name = APLoopingScrollView;
			path = InfinityScrollView;
			sourceTree = "<group>";
		};
		A75A58F21B8C2D810075BCF8 /* Supporting Files */ = {
			isa = PBXGroup;
			children = (
				A75A58F31B8C2D810075BCF8 /* Info.plist */,
			);
			name = "Supporting Files";
			sourceTree = "<group>";
		};
		A75A59141B8C2EB50075BCF8 /* InfiniteScrollView Source */ = {
			isa = PBXGroup;
			children = (
				A75A59161B8C2ECC0075BCF8 /* APLoopingScrollView.swift */,
			);
			name = "InfiniteScrollView Source";
			sourceTree = "<group>";
		};
		A75A59151B8C2EBE0075BCF8 /* Example */ = {
			isa = PBXGroup;
			children = (
				A75971ED1BA728500042D3C4 /* Scale Scroll */,
				A75A58F41B8C2D810075BCF8 /* AppDelegate.swift */,
				A75A58F61B8C2D810075BCF8 /* ViewController.swift */,
				A75971F01BA762A80042D3C4 /* Examples.swift */,
			);
			name = Example;
			sourceTree = "<group>";
		};
		A7DFC2E11BA7029500CB87A9 /* Resources */ = {
			isa = PBXGroup;
			children = (
				A7A346A51BA707D300064306 /* Images.xcassets */,
				A7A346D71BA7093900064306 /* Storyboard.storyboard */,
				A7A346D91BA7094500064306 /* LaunchScreen.xib */,
			);
			name = Resources;
			sourceTree = "<group>";
		};
		FAA3647F1D0D39D900920559 /* APLoopingScrollViewTests */ = {
			isa = PBXGroup;
			children = (
				FAA364801D0D39D900920559 /* APLoopingScrollViewTests.swift */,
				FAA364821D0D39D900920559 /* Info.plist */,
			);
			path = APLoopingScrollViewTests;
			sourceTree = "<group>";
		};
/* End PBXGroup section */

/* Begin PBXNativeTarget section */
		A75A58EE1B8C2D810075BCF8 /* APLoopingScrollView */ = {
			isa = PBXNativeTarget;
			buildConfigurationList = A75A590E1B8C2D820075BCF8 /* Build configuration list for PBXNativeTarget "APLoopingScrollView" */;
			buildPhases = (
				A75A58EB1B8C2D810075BCF8 /* Sources */,
				A75A58EC1B8C2D810075BCF8 /* Frameworks */,
				A75A58ED1B8C2D810075BCF8 /* Resources */,
			);
			buildRules = (
			);
			dependencies = (
			);
			name = APLoopingScrollView;
			productName = InfinityScrollView;
			productReference = A75A58EF1B8C2D810075BCF8 /* APLoopingScrollView.app */;
			productType = "com.apple.product-type.application";
		};
		FAA3647D1D0D39D900920559 /* APLoopingScrollViewTests */ = {
			isa = PBXNativeTarget;
			buildConfigurationList = FAA364851D0D39D900920559 /* Build configuration list for PBXNativeTarget "APLoopingScrollViewTests" */;
			buildPhases = (
				FAA3647A1D0D39D900920559 /* Sources */,
				FAA3647B1D0D39D900920559 /* Frameworks */,
				FAA3647C1D0D39D900920559 /* Resources */,
			);
			buildRules = (
			);
			dependencies = (
				FAA364841D0D39D900920559 /* PBXTargetDependency */,
			);
			name = APLoopingScrollViewTests;
			productName = APLoopingScrollViewTests;
			productReference = FAA3647E1D0D39D900920559 /* APLoopingScrollViewTests.xctest */;
			productType = "com.apple.product-type.bundle.unit-test";
		};
/* End PBXNativeTarget section */

/* Begin PBXProject section */
		A75A58E71B8C2D810075BCF8 /* Project object */ = {
			isa = PBXProject;
			attributes = {
				LastSwiftMigration = 0710;
				LastSwiftUpdateCheck = 0730;
				LastUpgradeCheck = 0710;
				ORGANIZATIONNAME = "Andrew Poes";
				TargetAttributes = {
					A75A58EE1B8C2D810075BCF8 = {
						CreatedOnToolsVersion = 6.4;
						DevelopmentTeam = 7JZ3Q8HZ8R;
					};
					FAA3647D1D0D39D900920559 = {
						CreatedOnToolsVersion = 7.3.1;
						TestTargetID = A75A58EE1B8C2D810075BCF8;
					};
				};
			};
			buildConfigurationList = A75A58EA1B8C2D810075BCF8 /* Build configuration list for PBXProject "APLoopingScrollView" */;
			compatibilityVersion = "Xcode 3.2";
			developmentRegion = English;
			hasScannedForEncodings = 0;
			knownRegions = (
				en,
				Base,
			);
			mainGroup = A75A58E61B8C2D810075BCF8;
			productRefGroup = A75A58F01B8C2D810075BCF8 /* Products */;
			projectDirPath = "";
			projectRoot = "";
			targets = (
				A75A58EE1B8C2D810075BCF8 /* APLoopingScrollView */,
				FAA3647D1D0D39D900920559 /* APLoopingScrollViewTests */,
			);
		};
/* End PBXProject section */

/* Begin PBXResourcesBuildPhase section */
		A75A58ED1B8C2D810075BCF8 /* Resources */ = {
			isa = PBXResourcesBuildPhase;
			buildActionMask = 2147483647;
			files = (
				A7A346A61BA707D300064306 /* Images.xcassets in Resources */,
				A7A346DA1BA7094500064306 /* LaunchScreen.xib in Resources */,
				A7A346D81BA7093900064306 /* Storyboard.storyboard in Resources */,
			);
			runOnlyForDeploymentPostprocessing = 0;
		};
		FAA3647C1D0D39D900920559 /* Resources */ = {
			isa = PBXResourcesBuildPhase;
			buildActionMask = 2147483647;
			files = (
			);
			runOnlyForDeploymentPostprocessing = 0;
		};
/* End PBXResourcesBuildPhase section */

/* Begin PBXSourcesBuildPhase section */
		A75A58EB1B8C2D810075BCF8 /* Sources */ = {
			isa = PBXSourcesBuildPhase;
			buildActionMask = 2147483647;
			files = (
				A75A59171B8C2ECC0075BCF8 /* APLoopingScrollView.swift in Sources */,
				A75971EF1BA7286E0042D3C4 /* LoopingScrollViewWithScaling.swift in Sources */,
				A75A58F71B8C2D810075BCF8 /* ViewController.swift in Sources */,
				A75971F11BA762A80042D3C4 /* Examples.swift in Sources */,
				A75A58F51B8C2D810075BCF8 /* AppDelegate.swift in Sources */,
			);
			runOnlyForDeploymentPostprocessing = 0;
		};
		FAA3647A1D0D39D900920559 /* Sources */ = {
			isa = PBXSourcesBuildPhase;
			buildActionMask = 2147483647;
			files = (
				FAA364811D0D39D900920559 /* APLoopingScrollViewTests.swift in Sources */,
			);
			runOnlyForDeploymentPostprocessing = 0;
		};
/* End PBXSourcesBuildPhase section */

/* Begin PBXTargetDependency section */
		FAA364841D0D39D900920559 /* PBXTargetDependency */ = {
			isa = PBXTargetDependency;
			target = A75A58EE1B8C2D810075BCF8 /* APLoopingScrollView */;
			targetProxy = FAA364831D0D39D900920559 /* PBXContainerItemProxy */;
		};
/* End PBXTargetDependency section */

/* Begin XCBuildConfiguration section */
		A75A590C1B8C2D820075BCF8 /* Debug */ = {
			isa = XCBuildConfiguration;
			buildSettings = {
				ALWAYS_SEARCH_USER_PATHS = NO;
				CLANG_CXX_LANGUAGE_STANDARD = "gnu++0x";
				CLANG_CXX_LIBRARY = "libc++";
				CLANG_ENABLE_MODULES = YES;
				CLANG_ENABLE_OBJC_ARC = YES;
				CLANG_WARN_BOOL_CONVERSION = YES;
				CLANG_WARN_CONSTANT_CONVERSION = YES;
				CLANG_WARN_DIRECT_OBJC_ISA_USAGE = YES_ERROR;
				CLANG_WARN_EMPTY_BODY = YES;
				CLANG_WARN_ENUM_CONVERSION = YES;
				CLANG_WARN_INT_CONVERSION = YES;
				CLANG_WARN_OBJC_ROOT_CLASS = YES_ERROR;
				CLANG_WARN_UNREACHABLE_CODE = YES;
				CLANG_WARN__DUPLICATE_METHOD_MATCH = YES;
				"CODE_SIGN_IDENTITY[sdk=iphoneos*]" = "iPhone Developer";
				COPY_PHASE_STRIP = NO;
				DEBUG_INFORMATION_FORMAT = "dwarf-with-dsym";
				ENABLE_STRICT_OBJC_MSGSEND = YES;
				ENABLE_TESTABILITY = YES;
				GCC_C_LANGUAGE_STANDARD = gnu99;
				GCC_DYNAMIC_NO_PIC = NO;
				GCC_NO_COMMON_BLOCKS = YES;
				GCC_OPTIMIZATION_LEVEL = 0;
				GCC_PREPROCESSOR_DEFINITIONS = (
					"DEBUG=1",
					"$(inherited)",
				);
				GCC_SYMBOLS_PRIVATE_EXTERN = NO;
				GCC_WARN_64_TO_32_BIT_CONVERSION = YES;
				GCC_WARN_ABOUT_RETURN_TYPE = YES_ERROR;
				GCC_WARN_UNDECLARED_SELECTOR = YES;
				GCC_WARN_UNINITIALIZED_AUTOS = YES_AGGRESSIVE;
				GCC_WARN_UNUSED_FUNCTION = YES;
				GCC_WARN_UNUSED_VARIABLE = YES;
				IPHONEOS_DEPLOYMENT_TARGET = 8.4;
				MTL_ENABLE_DEBUG_INFO = YES;
				ONLY_ACTIVE_ARCH = YES;
				SDKROOT = iphoneos;
				SWIFT_OPTIMIZATION_LEVEL = "-Onone";
				TARGETED_DEVICE_FAMILY = "1,2";
			};
			name = Debug;
		};
		A75A590D1B8C2D820075BCF8 /* Release */ = {
			isa = XCBuildConfiguration;
			buildSettings = {
				ALWAYS_SEARCH_USER_PATHS = NO;
				CLANG_CXX_LANGUAGE_STANDARD = "gnu++0x";
				CLANG_CXX_LIBRARY = "libc++";
				CLANG_ENABLE_MODULES = YES;
				CLANG_ENABLE_OBJC_ARC = YES;
				CLANG_WARN_BOOL_CONVERSION = YES;
				CLANG_WARN_CONSTANT_CONVERSION = YES;
				CLANG_WARN_DIRECT_OBJC_ISA_USAGE = YES_ERROR;
				CLANG_WARN_EMPTY_BODY = YES;
				CLANG_WARN_ENUM_CONVERSION = YES;
				CLANG_WARN_INT_CONVERSION = YES;
				CLANG_WARN_OBJC_ROOT_CLASS = YES_ERROR;
				CLANG_WARN_UNREACHABLE_CODE = YES;
				CLANG_WARN__DUPLICATE_METHOD_MATCH = YES;
				"CODE_SIGN_IDENTITY[sdk=iphoneos*]" = "iPhone Developer";
				COPY_PHASE_STRIP = NO;
				DEBUG_INFORMATION_FORMAT = "dwarf-with-dsym";
				ENABLE_NS_ASSERTIONS = NO;
				ENABLE_STRICT_OBJC_MSGSEND = YES;
				GCC_C_LANGUAGE_STANDARD = gnu99;
				GCC_NO_COMMON_BLOCKS = YES;
				GCC_WARN_64_TO_32_BIT_CONVERSION = YES;
				GCC_WARN_ABOUT_RETURN_TYPE = YES_ERROR;
				GCC_WARN_UNDECLARED_SELECTOR = YES;
				GCC_WARN_UNINITIALIZED_AUTOS = YES_AGGRESSIVE;
				GCC_WARN_UNUSED_FUNCTION = YES;
				GCC_WARN_UNUSED_VARIABLE = YES;
				IPHONEOS_DEPLOYMENT_TARGET = 8.4;
				MTL_ENABLE_DEBUG_INFO = NO;
				SDKROOT = iphoneos;
				TARGETED_DEVICE_FAMILY = "1,2";
				VALIDATE_PRODUCT = YES;
			};
			name = Release;
		};
		A75A590F1B8C2D820075BCF8 /* Debug */ = {
			isa = XCBuildConfiguration;
			buildSettings = {
				ASSETCATALOG_COMPILER_APPICON_NAME = AppIcon;
				CODE_SIGN_IDENTITY = "iPhone Developer";
				INFOPLIST_FILE = "$(SRCROOT)/APLoopingScrollView/Info.plist";
				LD_RUNPATH_SEARCH_PATHS = "$(inherited) @executable_path/Frameworks";
				PRODUCT_BUNDLE_IDENTIFIER = "com.mrbendel.$(PRODUCT_NAME:rfc1034identifier)";
				PRODUCT_NAME = "$(TARGET_NAME)";
			};
			name = Debug;
		};
		A75A59101B8C2D820075BCF8 /* Release */ = {
			isa = XCBuildConfiguration;
			buildSettings = {
				ASSETCATALOG_COMPILER_APPICON_NAME = AppIcon;
				CODE_SIGN_IDENTITY = "iPhone Developer";
				INFOPLIST_FILE = "$(SRCROOT)/APLoopingScrollView/Info.plist";
				LD_RUNPATH_SEARCH_PATHS = "$(inherited) @executable_path/Frameworks";
				PRODUCT_BUNDLE_IDENTIFIER = "com.mrbendel.$(PRODUCT_NAME:rfc1034identifier)";
				PRODUCT_NAME = "$(TARGET_NAME)";
			};
			name = Release;
		};
		FAA364861D0D39D900920559 /* Debug */ = {
			isa = XCBuildConfiguration;
			buildSettings = {
				BUNDLE_LOADER = "$(TEST_HOST)";
				CLANG_ANALYZER_NONNULL = YES;
				DEBUG_INFORMATION_FORMAT = dwarf;
				INFOPLIST_FILE = APLoopingScrollViewTests/Info.plist;
				IPHONEOS_DEPLOYMENT_TARGET = 9.3;
				LD_RUNPATH_SEARCH_PATHS = "$(inherited) @executable_path/Frameworks @loader_path/Frameworks";
				PRODUCT_BUNDLE_IDENTIFIER = com.andythedesigner.www.APLoopingScrollViewTests;
				PRODUCT_NAME = "$(TARGET_NAME)";
				TEST_HOST = "$(BUILT_PRODUCTS_DIR)/APLoopingScrollView.app/APLoopingScrollView";
			};
			name = Debug;
		};
		FAA364871D0D39D900920559 /* Release */ = {
			isa = XCBuildConfiguration;
			buildSettings = {
				BUNDLE_LOADER = "$(TEST_HOST)";
				CLANG_ANALYZER_NONNULL = YES;
				INFOPLIST_FILE = APLoopingScrollViewTests/Info.plist;
				IPHONEOS_DEPLOYMENT_TARGET = 9.3;
				LD_RUNPATH_SEARCH_PATHS = "$(inherited) @executable_path/Frameworks @loader_path/Frameworks";
				PRODUCT_BUNDLE_IDENTIFIER = com.andythedesigner.www.APLoopingScrollViewTests;
				PRODUCT_NAME = "$(TARGET_NAME)";
				TEST_HOST = "$(BUILT_PRODUCTS_DIR)/APLoopingScrollView.app/APLoopingScrollView";
			};
			name = Release;
		};
/* End XCBuildConfiguration section */

/* Begin XCConfigurationList section */
		A75A58EA1B8C2D810075BCF8 /* Build configuration list for PBXProject "APLoopingScrollView" */ = {
			isa = XCConfigurationList;
			buildConfigurations = (
				A75A590C1B8C2D820075BCF8 /* Debug */,
				A75A590D1B8C2D820075BCF8 /* Release */,
			);
			defaultConfigurationIsVisible = 0;
			defaultConfigurationName = Release;
		};
		A75A590E1B8C2D820075BCF8 /* Build configuration list for PBXNativeTarget "APLoopingScrollView" */ = {
			isa = XCConfigurationList;
			buildConfigurations = (
				A75A590F1B8C2D820075BCF8 /* Debug */,
				A75A59101B8C2D820075BCF8 /* Release */,
			);
			defaultConfigurationIsVisible = 0;
			defaultConfigurationName = Release;
		};
		FAA364851D0D39D900920559 /* Build configuration list for PBXNativeTarget "APLoopingScrollViewTests" */ = {
			isa = XCConfigurationList;
			buildConfigurations = (
				FAA364861D0D39D900920559 /* Debug */,
				FAA364871D0D39D900920559 /* Release */,
			);
			defaultConfigurationIsVisible = 0;
		};
/* End XCConfigurationList section */
	};
	rootObject = A75A58E71B8C2D810075BCF8 /* Project object */;
}
